
Microsoft Visual Studio Solution File, Format Version 12.00
# Visual Studio Version 17
VisualStudioVersion = 17.7.34031.279
MinimumVisualStudioVersion = 10.0.40219.1
Project("{8BC9CEB8-8B4A-11D0-8D11-00A0C91BC942}") = "BotModule", "BotModule.vcxproj", "{514E0C6F-E0D0-4EF7-AB5B-43CF9412A6A1}"
	ProjectSection(ProjectDependencies) = postProject
		{16402859-D8EA-435E-9DA9-7E8D47E54D4A} = {16402859-D8EA-435E-9DA9-7E8D47E54D4A}
	EndProjectSection
EndProject
Project("{8BC9CEB8-8B4A-11D0-8D11-00A0C91BC942}") = "BWAPI", "BWAPI.vcxproj", "{16402859-D8EA-435E-9DA9-7E8D47E54D4A}"
EndProject
Global
	GlobalSection(SolutionConfigurationPlatforms) = preSolution
		Debug|x64 = Debug|x64
		Debug|x86 = Debug|x86
		Release|x64 = Release|x64
		Release|x86 = Release|x86
	EndGlobalSection
	GlobalSection(ProjectConfigurationPlatforms) = postSolution
		{514E0C6F-E0D0-4EF7-AB5B-43CF9412A6A1}.Debug|x64.ActiveCfg = Debug|x64
		{514E0C6F-E0D0-4EF7-AB5B-43CF9412A6A1}.Debug|x64.Build.0 = Debug|x64
		{514E0C6F-E0D0-4EF7-AB5B-43CF9412A6A1}.Debug|x86.ActiveCfg = Debug|Win32
		{514E0C6F-E0D0-4EF7-AB5B-43CF9412A6A1}.Debug|x86.Build.0 = Debug|Win32
		{514E0C6F-E0D0-4EF7-AB5B-43CF9412A6A1}.Release|x64.ActiveCfg = Release|x64
		{514E0C6F-E0D0-4EF7-AB5B-43CF9412A6A1}.Release|x64.Build.0 = Release|x64
		{514E0C6F-E0D0-4EF7-AB5B-43CF9412A6A1}.Release|x86.ActiveCfg = Release|Win32
		{514E0C6F-E0D0-4EF7-AB5B-43CF9412A6A1}.Release|x86.Build.0 = Release|Win32
		{16402859-D8EA-435E-9DA9-7E8D47E54D4A}.Debug|x64.ActiveCfg = Debug|x64
		{16402859-D8EA-435E-9DA9-7E8D47E54D4A}.Debug|x64.Build.0 = Debug|x64
		{16402859-D8EA-435E-9DA9-7E8D47E54D4A}.Debug|x86.ActiveCfg = Debug|Win32
		{16402859-D8EA-435E-9DA9-7E8D47E54D4A}.Debug|x86.Build.0 = Debug|Win32
		{16402859-D8EA-435E-9DA9-7E8D47E54D4A}.Release|x64.ActiveCfg = Release|x64
		{16402859-D8EA-435E-9DA9-7E8D47E54D4A}.Release|x64.Build.0 = Release|x64
		{16402859-D8EA-435E-9DA9-7E8D47E54D4A}.Release|x86.ActiveCfg = Release|Win32
		{16402859-D8EA-435E-9DA9-7E8D47E54D4A}.Release|x86.Build.0 = Release|Win32
	EndGlobalSection
	GlobalSection(SolutionProperties) = preSolution
		HideSolutionNode = FALSE
	EndGlobalSection
	GlobalSection(ExtensibilityGlobals) = postSolution
		SolutionGuid = {916A5970-B505-4945-8D35-16D78409FAF9}
	EndGlobalSection
EndGlobal
